Microsoft Visual Studio Solution File, Format Version 12.00
# Visual Studio Version 17
VisualStudioVersion = 17.5.2.0
MinimumVisualStudioVersion = 10.0.40219.1
Project("{FAE04EC0-301F-11D3-BF4B-00C04F79EFBC}") = "haircareAPI", "haircareAPI.csproj", "{ED1C9321-C74C-08A6-07B7-109EC2FF7CBC}"
EndProject
Global
	GlobalSection(SolutionConfigurationPlatforms) = preSolution
		Debug|Any CPU = Debug|Any CPU
		Release|Any CPU = Release|Any CPU
	EndGlobalSection
	GlobalSection(ProjectConfigurationPlatforms) = postSolution
		{ED1C9321-C74C-08A6-07B7-109EC2FF7CBC}.Debug|Any CPU.ActiveCfg = Debug|Any CPU
		{ED1C9321-C74C-08A6-07B7-109EC2FF7CBC}.Debug|Any CPU.Build.0 = Debug|Any CPU
		{ED1C9321-C74C-08A6-07B7-109EC2FF7CBC}.Release|Any CPU.ActiveCfg = Release|Any CPU
		{ED1C9321-C74C-08A6-07B7-109EC2FF7CBC}.Release|Any CPU.Build.0 = Release|Any CPU
	EndGlobalSection
	GlobalSection(SolutionProperties) = preSolution
		HideSolutionNode = FALSE
	EndGlobalSection
	GlobalSection(ExtensibilityGlobals) = postSolution
		SolutionGuid = {62FCAA0C-1E3C-48C0-A23B-D5BB36C33527}
	EndGlobalSection
EndGlobal
